{
    "name": "antlr4ng-cli",
    "version": "2.0.0",
    "lockfileVersion": 3,
    "requires": true,
    "packages": {
        "": {
            "name": "antlr4ng-cli",
            "version": "2.0.0",
            "license": "BSD-3-Clause",
            "bin": {
                "antlr4ng": "index.js"
            }
        }
    }
}
